// !$*UTF8*$!
{
	archiveVersion = 1;
	classes = {
	};
	objectVersion = 50;
	objects = {

/* Begin PBXBuildFile section */
		868DB9252188E491008F23A7 /* Algorithm.swift in Sources */ = {isa = PBXBuildFile; fileRef = 868DB9242188E491008F23A7 /* Algorithm.swift */; };
		86B02C04217F976D00574FE7 /* AppDelegate.swift in Sources */ = {isa = PBXBuildFile; fileRef = 86B02C03217F976D00574FE7 /* AppDelegate.swift */; };
		86B02C06217F976D00574FE7 /* AlgorithmController.swift in Sources */ = {isa = PBXBuildFile; fileRef = 86B02C05217F976D00574FE7 /* AlgorithmController.swift */; };
		86B02C09217F976D00574FE7 /* Main.storyboard in Resources */ = {isa = PBXBuildFile; fileRef = 86B02C07217F976D00574FE7 /* Main.storyboard */; };
		86B02C0B217F976D00574FE7 /* Assets.xcassets in Resources */ = {isa = PBXBuildFile; fileRef = 86B02C0A217F976D00574FE7 /* Assets.xcassets */; };
		86B02C0E217F976D00574FE7 /* LaunchScreen.storyboard in Resources */ = {isa = PBXBuildFile; fileRef = 86B02C0C217F976D00574FE7 /* LaunchScreen.storyboard */; };
/* End PBXBuildFile section */

/* Begin PBXFileReference section */
		868DB9242188E491008F23A7 /* Algorithm.swift */ = {isa = PBXFileReference; lastKnownFileType = sourcecode.swift; path = Algorithm.swift; sourceTree = "<group>"; };
		86B02C00217F976D00574FE7 /* Algorithm_HunterKnott.app */ = {isa = PBXFileReference; explicitFileType = wrapper.application; includeInIndex = 0; path = Algorithm_HunterKnott.app; sourceTree = BUILT_PRODUCTS_DIR; };
		86B02C03217F976D00574FE7 /* AppDelegate.swift */ = {isa = PBXFileReference; lastKnownFileType = sourcecode.swift; path = AppDelegate.swift; sourceTree = "<group>"; };
		86B02C05217F976D00574FE7 /* AlgorithmController.swift */ = {isa = PBXFileReference; lastKnownFileType = sourcecode.swift; path = AlgorithmController.swift; sourceTree = "<group>"; };
		86B02C08217F976D00574FE7 /* Base */ = {isa = PBXFileReference; lastKnownFileType = file.storyboard; name = Base; path = Base.lproj/Main.storyboard; sourceTree = "<group>"; };
		86B02C0A217F976D00574FE7 /* Assets.xcassets */ = {isa = PBXFileReference; lastKnownFileType = folder.assetcatalog; path = Assets.xcassets; sourceTree = "<group>"; };
		86B02C0D217F976D00574FE7 /* Base */ = {isa = PBXFileReference; lastKnownFileType = file.storyboard; name = Base; path = Base.lproj/LaunchScreen.storyboard; sourceTree = "<group>"; };
		86B02C0F217F976D00574FE7 /* Info.plist */ = {isa = PBXFileReference; lastKnownFileType = text.plist.xml; path = Info.plist; sourceTree = "<group>"; };
/* End PBXFileReference section */

/* Begin PBXFrameworksBuildPhase section */
		86B02BFD217F976D00574FE7 /* Frameworks */ = {
			isa = PBXFrameworksBuildPhase;
			buildActionMask = 2147483647;
			files = (
			);
			runOnlyForDeploymentPostprocessing = 0;
		};
/* End PBXFrameworksBuildPhase section */

/* Begin PBXGroup section */
		868DB9262188E49A008F23A7 /* Model */ = {
			isa = PBXGroup;
			children = (
				868DB9242188E491008F23A7 /* Algorithm.swift */,
			);
			path = Model;
			sourceTree = "<group>";
		};
		86B02BF7217F976D00574FE7 = {
			isa = PBXGroup;
			children = (
				86B02C02217F976D00574FE7 /* Algorithm_HunterKnott */,
				86B02C01217F976D00574FE7 /* Products */,
				868DB9262188E49A008F23A7 /* Model */,
			);
			sourceTree = "<group>";
		};
		86B02C01217F976D00574FE7 /* Products */ = {
			isa = PBXGroup;
			children = (
				86B02C00217F976D00574FE7 /* Algorithm_HunterKnott.app */,
			);
			name = Products;
			sourceTree = "<group>";
		};
		86B02C02217F976D00574FE7 /* Algorithm_HunterKnott */ = {
			isa = PBXGroup;
			children = (
				86B02C15217F978F00574FE7 /* Resources */,
				86B02C17217F97B300574FE7 /* Controller */,
				86B02C16217F979D00574FE7 /* View */,
			);
			path = Algorithm_HunterKnott;
			sourceTree = "<group>";
		};
		86B02C15217F978F00574FE7 /* Resources */ = {
			isa = PBXGroup;
			children = (
				86B02C03217F976D00574FE7 /* AppDelegate.swift */,
				86B02C0A217F976D00574FE7 /* Assets.xcassets */,
				86B02C0F217F976D00574FE7 /* Info.plist */,
			);
			path = Resources;
			sourceTree = "<group>";
		};
		86B02C16217F979D00574FE7 /* View */ = {
			isa = PBXGroup;
			children = (
				86B02C07217F976D00574FE7 /* Main.storyboard */,
				86B02C0C217F976D00574FE7 /* LaunchScreen.storyboard */,
			);
			path = View;
			sourceTree = "<group>";
		};
		86B02C17217F97B300574FE7 /* Controller */ = {
			isa = PBXGroup;
			children = (
				86B02C05217F976D00574FE7 /* AlgorithmController.swift */,
			);
			path = Controller;
			sourceTree = "<group>";
		};
/* End PBXGroup section */

/* Begin PBXNativeTarget section */
		86B02BFF217F976D00574FE7 /* Algorithm_HunterKnott */ = {
			isa = PBXNativeTarget;
			buildConfigurationList = 86B02C12217F976D00574FE7 /* Build configuration list for PBXNativeTarget "Algorithm_HunterKnott" */;
			buildPhases = (
				86B02BFC217F976D00574FE7 /* Sources */,
				86B02BFD217F976D00574FE7 /* Frameworks */,
				86B02BFE217F976D00574FE7 /* Resources */,
			);
			buildRules = (
			);
			dependencies = (
			);
			name = Algorithm_HunterKnott;
			productName = Algorithm_HunterKnott;
			productReference = 86B02C00217F976D00574FE7 /* Algorithm_HunterKnott.app */;
			productType = "com.apple.product-type.application";
		};
/* End PBXNativeTarget section */

/* Begin PBXProject section */
		86B02BF8217F976D00574FE7 /* Project object */ = {
			isa = PBXProject;
			attributes = {
				LastSwiftUpdateCheck = 0940;
				LastUpgradeCheck = 0940;
				ORGANIZATIONNAME = "Knott, Hunter";
				TargetAttributes = {
					86B02BFF217F976D00574FE7 = {
						CreatedOnToolsVersion = 9.4.1;
					};
				};
			};
			buildConfigurationList = 86B02BFB217F976D00574FE7 /* Build configuration list for PBXProject "Algorithm_HunterKnott" */;
			compatibilityVersion = "Xcode 9.3";
			developmentRegion = en;
			hasScannedForEncodings = 0;
			knownRegions = (
				en,
				Base,
			);
			mainGroup = 86B02BF7217F976D00574FE7;
			productRefGroup = 86B02C01217F976D00574FE7 /* Products */;
			projectDirPath = "";
			projectRoot = "";
			targets = (
				86B02BFF217F976D00574FE7 /* Algorithm_HunterKnott */,
			);
		};
/* End PBXProject section */

/* Begin PBXResourcesBuildPhase section */
		86B02BFE217F976D00574FE7 /* Resources */ = {
			isa = PBXResourcesBuildPhase;
			buildActionMask = 2147483647;
			files = (
				86B02C0E217F976D00574FE7 /* LaunchScreen.storyboard in Resources */,
				86B02C0B217F976D00574FE7 /* Assets.xcassets in Resources */,
				86B02C09217F976D00574FE7 /* Main.storyboard in Resources */,
			);
			runOnlyForDeploymentPostprocessing = 0;
		};
/* End PBXResourcesBuildPhase section */

/* Begin PBXSourcesBuildPhase section */
		86B02BFC217F976D00574FE7 /* Sources */ = {
			isa = PBXSourcesBuildPhase;
			buildActionMask = 2147483647;
			files = (
				86B02C06217F976D00574FE7 /* AlgorithmController.swift in Sources */,
				868DB9252188E491008F23A7 /* Algorithm.swift in Sources */,
				86B02C04217F976D00574FE7 /* AppDelegate.swift in Sources */,
			);
			runOnlyForDeploymentPostprocessing = 0;
		};
/* End PBXSourcesBuildPhase section */

/* Begin PBXVariantGroup section */
		86B02C07217F976D00574FE7 /* Main.storyboard */ = {
			isa = PBXVariantGroup;
			children = (
				86B02C08217F976D00574FE7 /* Base */,
			);
			name = Main.storyboard;
			sourceTree = "<group>";
		};
		86B02C0C217F976D00574FE7 /* LaunchScreen.storyboard */ = {
			isa = PBXVariantGroup;
			children = (
				86B02C0D217F976D00574FE7 /* Base */,
			);
			name = LaunchScreen.storyboard;
			sourceTree = "<group>";
		};
/* End PBXVariantGroup section */

/* Begin XCBuildConfiguration section */
		86B02C10217F976D00574FE7 /* Debug */ = {
			isa = XCBuildConfiguration;
			buildSettings = {
				ALWAYS_SEARCH_USER_PATHS = NO;
				CLANG_ANALYZER_NONNULL = YES;
				CLANG_ANALYZER_NUMBER_OBJECT_CONVERSION = YES_AGGRESSIVE;
				CLANG_CXX_LANGUAGE_STANDARD = "gnu++14";
				CLANG_CXX_LIBRARY = "libc++";
				CLANG_ENABLE_MODULES = YES;
				CLANG_ENABLE_OBJC_ARC = YES;
				CLANG_ENABLE_OBJC_WEAK = YES;
				CLANG_WARN_BLOCK_CAPTURE_AUTORELEASING = YES;
				CLANG_WARN_BOOL_CONVERSION = YES;
				CLANG_WARN_COMMA = YES;
				CLANG_WARN_CONSTANT_CONVERSION = YES;
				CLANG_WARN_DEPRECATED_OBJC_IMPLEMENTATIONS = YES;
				CLANG_WARN_DIRECT_OBJC_ISA_USAGE = YES_ERROR;
				CLANG_WARN_DOCUMENTATION_COMMENTS = YES;
				CLANG_WARN_EMPTY_BODY = YES;
				CLANG_WARN_ENUM_CONVERSION = YES;
				CLANG_WARN_INFINITE_RECURSION = YES;
				CLANG_WARN_INT_CONVERSION = YES;
				CLANG_WARN_NON_LITERAL_NULL_CONVERSION = YES;
				CLANG_WARN_OBJC_IMPLICIT_RETAIN_SELF = YES;
				CLANG_WARN_OBJC_LITERAL_CONVERSION = YES;
				CLANG_WARN_OBJC_ROOT_CLASS = YES_ERROR;
				CLANG_WARN_RANGE_LOOP_ANALYSIS = YES;
				CLANG_WARN_STRICT_PROTOTYPES = YES;
				CLANG_WARN_SUSPICIOUS_MOVE = YES;
				CLANG_WARN_UNGUARDED_AVAILABILITY = YES_AGGRESSIVE;
				CLANG_WARN_UNREACHABLE_CODE = YES;
				CLANG_WARN__DUPLICATE_METHOD_MATCH = YES;
				CODE_SIGN_IDENTITY = "iPhone Developer";
				COPY_PHASE_STRIP = NO;
				DEBUG_INFORMATION_FORMAT = dwarf;
				ENABLE_STRICT_OBJC_MSGSEND = YES;
				ENABLE_TESTABILITY = YES;
				GCC_C_LANGUAGE_STANDARD = gnu11;
				GCC_DYNAMIC_NO_PIC = NO;
				GCC_NO_COMMON_BLOCKS = YES;
				GCC_OPTIMIZATION_LEVEL = 0;
				GCC_PREPROCESSOR_DEFINITIONS = (
					"DEBUG=1",
					"$(inherited)",
				);
				GCC_WARN_64_TO_32_BIT_CONVERSION = YES;
				GCC_WARN_ABOUT_RETURN_TYPE = YES_ERROR;
				GCC_WARN_UNDECLARED_SELECTOR = YES;
				GCC_WARN_UNINITIALIZED_AUTOS = YES_AGGRESSIVE;
				GCC_WARN_UNUSED_FUNCTION = YES;
				GCC_WARN_UNUSED_VARIABLE = YES;
				IPHONEOS_DEPLOYMENT_TARGET = 11.4;
				MTL_ENABLE_DEBUG_INFO = YES;
				ONLY_ACTIVE_ARCH = YES;
				SDKROOT = iphoneos;
				SWIFT_ACTIVE_COMPILATION_CONDITIONS = DEBUG;
				SWIFT_OPTIMIZATION_LEVEL = "-Onone";
			};
			name = Debug;
		};
		86B02C11217F976D00574FE7 /* Release */ = {
			isa = XCBuildConfiguration;
			buildSettings = {
				ALWAYS_SEARCH_USER_PATHS = NO;
				CLANG_ANALYZER_NONNULL = YES;
				CLANG_ANALYZER_NUMBER_OBJECT_CONVERSION = YES_AGGRESSIVE;
				CLANG_CXX_LANGUAGE_STANDARD = "gnu++14";
				CLANG_CXX_LIBRARY = "libc++";
				CLANG_ENABLE_MODULES = YES;
				CLANG_ENABLE_OBJC_ARC = YES;
				CLANG_ENABLE_OBJC_WEAK = YES;
				CLANG_WARN_BLOCK_CAPTURE_AUTORELEASING = YES;
				CLANG_WARN_BOOL_CONVERSION = YES;
				CLANG_WARN_COMMA = YES;
				CLANG_WARN_CONSTANT_CONVERSION = YES;
				CLANG_WARN_DEPRECATED_OBJC_IMPLEMENTATIONS = YES;
				CLANG_WARN_DIRECT_OBJC_ISA_USAGE = YES_ERROR;
				CLANG_WARN_DOCUMENTATION_COMMENTS = YES;
				CLANG_WARN_EMPTY_BODY = YES;
				CLANG_WARN_ENUM_CONVERSION = YES;
				CLANG_WARN_INFINITE_RECURSION = YES;
				CLANG_WARN_INT_CONVERSION = YES;
				CLANG_WARN_NON_LITERAL_NULL_CONVERSION = YES;
				CLANG_WARN_OBJC_IMPLICIT_RETAIN_SELF = YES;
				CLANG_WARN_OBJC_LITERAL_CONVERSION = YES;
				CLANG_WARN_OBJC_ROOT_CLASS = YES_ERROR;
				CLANG_WARN_RANGE_LOOP_ANALYSIS = YES;
				CLANG_WARN_STRICT_PROTOTYPES = YES;
				CLANG_WARN_SUSPICIOUS_MOVE = YES;
				CLANG_WARN_UNGUARDED_AVAILABILITY = YES_AGGRESSIVE;
				CLANG_WARN_UNREACHABLE_CODE = YES;
				CLANG_WARN__DUPLICATE_METHOD_MATCH = YES;
				CODE_SIGN_IDENTITY = "iPhone Developer";
				COPY_PHASE_STRIP = NO;
				DEBUG_INFORMATION_FORMAT = "dwarf-with-dsym";
				ENABLE_NS_ASSERTIONS = NO;
				ENABLE_STRICT_OBJC_MSGSEND = YES;
				GCC_C_LANGUAGE_STANDARD = gnu11;
				GCC_NO_COMMON_BLOCKS = YES;
				GCC_WARN_64_TO_32_BIT_CONVERSION = YES;
				GCC_WARN_ABOUT_RETURN_TYPE = YES_ERROR;
				GCC_WARN_UNDECLARED_SELECTOR = YES;
				GCC_WARN_UNINITIALIZED_AUTOS = YES_AGGRESSIVE;
				GCC_WARN_UNUSED_FUNCTION = YES;
				GCC_WARN_UNUSED_VARIABLE = YES;
				IPHONEOS_DEPLOYMENT_TARGET = 11.4;
				MTL_ENABLE_DEBUG_INFO = NO;
				SDKROOT = iphoneos;
				SWIFT_COMPILATION_MODE = wholemodule;
				SWIFT_OPTIMIZATION_LEVEL = "-O";
				VALIDATE_PRODUCT = YES;
			};
			name = Release;
		};
		86B02C13217F976D00574FE7 /* Debug */ = {
			isa = XCBuildConfiguration;
			buildSettings = {
				ASSETCATALOG_COMPILER_APPICON_NAME = AppIcon;
				CODE_SIGN_STYLE = Automatic;
				INFOPLIST_FILE = "$(SRCROOT)/Algorithm_HunterKnott/Resources/Info.plist";
				LD_RUNPATH_SEARCH_PATHS = (
					"$(inherited)",
					"@executable_path/Frameworks",
				);
				PRODUCT_BUNDLE_IDENTIFIER = "CTEC.Algorithm-HunterKnott";
				PRODUCT_NAME = "$(TARGET_NAME)";
				SWIFT_VERSION = 4.0;
				TARGETED_DEVICE_FAMILY = "1,2";
			};
			name = Debug;
		};
		86B02C14217F976D00574FE7 /* Release */ = {
			isa = XCBuildConfiguration;
			buildSettings = {
				ASSETCATALOG_COMPILER_APPICON_NAME = AppIcon;
				CODE_SIGN_STYLE = Automatic;
				INFOPLIST_FILE = "$(SRCROOT)/Algorithm_HunterKnott/Resources/Info.plist";
				LD_RUNPATH_SEARCH_PATHS = (
					"$(inherited)",
					"@executable_path/Frameworks",
				);
				PRODUCT_BUNDLE_IDENTIFIER = "CTEC.Algorithm-HunterKnott";
				PRODUCT_NAME = "$(TARGET_NAME)";
				SWIFT_VERSION = 4.0;
				TARGETED_DEVICE_FAMILY = "1,2";
			};
			name = Release;
		};
/* End XCBuildConfiguration section */

/* Begin XCConfigurationList section */
		86B02BFB217F976D00574FE7 /* Build configuration list for PBXProject "Algorithm_HunterKnott" */ = {
			isa = XCConfigurationList;
			buildConfigurations = (
				86B02C10217F976D00574FE7 /* Debug */,
				86B02C11217F976D00574FE7 /* Release */,
			);
			defaultConfigurationIsVisible = 0;
			defaultConfigurationName = Release;
		};
		86B02C12217F976D00574FE7 /* Build configuration list for PBXNativeTarget "Algorithm_HunterKnott" */ = {
			isa = XCConfigurationList;
			buildConfigurations = (
				86B02C13217F976D00574FE7 /* Debug */,
				86B02C14217F976D00574FE7 /* Release */,
			);
			defaultConfigurationIsVisible = 0;
			defaultConfigurationName = Release;
		};
/* End XCConfigurationList section */
	};
	rootObject = 86B02BF8217F976D00574FE7 /* Project object */;
}
